
Microsoft Visual Studio Solution File, Format Version 12.00
# Visual Studio 2012
Project("{FAE04EC0-301F-11D3-BF4B-00C04F79EFBC}") = "FHRMS", "Flesh\FHRMS.csproj", "{3D9516FB-FEFC-4DF5-97EC-9239A1AA026E}"
EndProject
Project("{FAE04EC0-301F-11D3-BF4B-00F0CF79EFBC}") = "FHRMS.Core", "FHRMS.Core\FHRMS.Core.rvproj", "{49DAAEE9-5BED-4073-B2FB-8BA8A26FC1E6}"
EndProject
Project("{FAE04EC0-301F-11D3-BF4B-00C04F79EFBC}") = "FHRMS.Data", "FHRMS.Data\FHRMS.Data.csproj", "{5F39CE01-75ED-4DB4-9456-B0A2B3FA33C0}"
EndProject
Project("{FAE04EC0-301F-11D3-BF4B-00C04F79EFBC}") = "MySql.Data", "Dependency\MySQL\Source\MySql.Data\MySql.Data.csproj", "{E9DF5ED1-4CBD-4226-B931-9A51610AC14D}"
EndProject
Project("{FAE04EC0-301F-11D3-BF4B-00C04F79EFBC}") = "MySql.Data.Entity", "Dependency\MySQL\Source\MySql.Data.Entity\MySql.Data.Entity.csproj", "{EDED3135-95D2-4BCE-A810-F3F2AD7935B7}"
EndProject
Global
	GlobalSection(SolutionConfigurationPlatforms) = preSolution
		Debug|Any CPU = Debug|Any CPU
		DebugEF6|Any CPU = DebugEF6|Any CPU
		Release|Any CPU = Release|Any CPU
		ReleaseEF6|Any CPU = ReleaseEF6|Any CPU
		RemoteDebug|Any CPU = RemoteDebug|Any CPU
	EndGlobalSection
	GlobalSection(ProjectConfigurationPlatforms) = postSolution
		{3D9516FB-FEFC-4DF5-97EC-9239A1AA026E}.Debug|Any CPU.ActiveCfg = Debug|Any CPU
		{3D9516FB-FEFC-4DF5-97EC-9239A1AA026E}.Debug|Any CPU.Build.0 = Debug|Any CPU
		{3D9516FB-FEFC-4DF5-97EC-9239A1AA026E}.DebugEF6|Any CPU.ActiveCfg = Debug|Any CPU
		{3D9516FB-FEFC-4DF5-97EC-9239A1AA026E}.DebugEF6|Any CPU.Build.0 = Debug|Any CPU
		{3D9516FB-FEFC-4DF5-97EC-9239A1AA026E}.Release|Any CPU.ActiveCfg = Release|Any CPU
		{3D9516FB-FEFC-4DF5-97EC-9239A1AA026E}.Release|Any CPU.Build.0 = Release|Any CPU
		{3D9516FB-FEFC-4DF5-97EC-9239A1AA026E}.ReleaseEF6|Any CPU.ActiveCfg = Release|Any CPU
		{3D9516FB-FEFC-4DF5-97EC-9239A1AA026E}.ReleaseEF6|Any CPU.Build.0 = Release|Any CPU
		{3D9516FB-FEFC-4DF5-97EC-9239A1AA026E}.RemoteDebug|Any CPU.ActiveCfg = Debug|Any CPU
		{3D9516FB-FEFC-4DF5-97EC-9239A1AA026E}.RemoteDebug|Any CPU.Build.0 = Debug|Any CPU
		{49DAAEE9-5BED-4073-B2FB-8BA8A26FC1E6}.Debug|Any CPU.ActiveCfg = Debug|Any CPU
		{49DAAEE9-5BED-4073-B2FB-8BA8A26FC1E6}.Debug|Any CPU.Build.0 = Debug|Any CPU
		{49DAAEE9-5BED-4073-B2FB-8BA8A26FC1E6}.DebugEF6|Any CPU.ActiveCfg = Debug|Any CPU
		{49DAAEE9-5BED-4073-B2FB-8BA8A26FC1E6}.Release|Any CPU.ActiveCfg = Release|Any CPU
		{49DAAEE9-5BED-4073-B2FB-8BA8A26FC1E6}.Release|Any CPU.Build.0 = Release|Any CPU
		{49DAAEE9-5BED-4073-B2FB-8BA8A26FC1E6}.ReleaseEF6|Any CPU.ActiveCfg = Release|Any CPU
		{49DAAEE9-5BED-4073-B2FB-8BA8A26FC1E6}.RemoteDebug|Any CPU.ActiveCfg = RemoteDebug|Any CPU
		{49DAAEE9-5BED-4073-B2FB-8BA8A26FC1E6}.RemoteDebug|Any CPU.Build.0 = RemoteDebug|Any CPU
		{5F39CE01-75ED-4DB4-9456-B0A2B3FA33C0}.Debug|Any CPU.ActiveCfg = Debug|Any CPU
		{5F39CE01-75ED-4DB4-9456-B0A2B3FA33C0}.Debug|Any CPU.Build.0 = Debug|Any CPU
		{5F39CE01-75ED-4DB4-9456-B0A2B3FA33C0}.DebugEF6|Any CPU.ActiveCfg = Debug|Any CPU
		{5F39CE01-75ED-4DB4-9456-B0A2B3FA33C0}.DebugEF6|Any CPU.Build.0 = Debug|Any CPU
		{5F39CE01-75ED-4DB4-9456-B0A2B3FA33C0}.Release|Any CPU.ActiveCfg = Release|Any CPU
		{5F39CE01-75ED-4DB4-9456-B0A2B3FA33C0}.Release|Any CPU.Build.0 = Release|Any CPU
		{5F39CE01-75ED-4DB4-9456-B0A2B3FA33C0}.ReleaseEF6|Any CPU.ActiveCfg = Release|Any CPU
		{5F39CE01-75ED-4DB4-9456-B0A2B3FA33C0}.ReleaseEF6|Any CPU.Build.0 = Release|Any CPU
		{5F39CE01-75ED-4DB4-9456-B0A2B3FA33C0}.RemoteDebug|Any CPU.ActiveCfg = RemoteDebug|Any CPU
		{5F39CE01-75ED-4DB4-9456-B0A2B3FA33C0}.RemoteDebug|Any CPU.Build.0 = RemoteDebug|Any CPU
		{E9DF5ED1-4CBD-4226-B931-9A51610AC14D}.Debug|Any CPU.ActiveCfg = Debug|Any CPU
		{E9DF5ED1-4CBD-4226-B931-9A51610AC14D}.Debug|Any CPU.Build.0 = Debug|Any CPU
		{E9DF5ED1-4CBD-4226-B931-9A51610AC14D}.DebugEF6|Any CPU.ActiveCfg = Debug|Any CPU
		{E9DF5ED1-4CBD-4226-B931-9A51610AC14D}.DebugEF6|Any CPU.Build.0 = Debug|Any CPU
		{E9DF5ED1-4CBD-4226-B931-9A51610AC14D}.Release|Any CPU.ActiveCfg = Release|Any CPU
		{E9DF5ED1-4CBD-4226-B931-9A51610AC14D}.Release|Any CPU.Build.0 = Release|Any CPU
		{E9DF5ED1-4CBD-4226-B931-9A51610AC14D}.ReleaseEF6|Any CPU.ActiveCfg = Release|Any CPU
		{E9DF5ED1-4CBD-4226-B931-9A51610AC14D}.ReleaseEF6|Any CPU.Build.0 = Release|Any CPU
		{E9DF5ED1-4CBD-4226-B931-9A51610AC14D}.RemoteDebug|Any CPU.ActiveCfg = Debug|Any CPU
		{E9DF5ED1-4CBD-4226-B931-9A51610AC14D}.RemoteDebug|Any CPU.Build.0 = Debug|Any CPU
		{EDED3135-95D2-4BCE-A810-F3F2AD7935B7}.Debug|Any CPU.ActiveCfg = Debug|Any CPU
		{EDED3135-95D2-4BCE-A810-F3F2AD7935B7}.Debug|Any CPU.Build.0 = Debug|Any CPU
		{EDED3135-95D2-4BCE-A810-F3F2AD7935B7}.DebugEF6|Any CPU.ActiveCfg = DebugEF6|Any CPU
		{EDED3135-95D2-4BCE-A810-F3F2AD7935B7}.DebugEF6|Any CPU.Build.0 = DebugEF6|Any CPU
		{EDED3135-95D2-4BCE-A810-F3F2AD7935B7}.Release|Any CPU.ActiveCfg = Release|Any CPU
		{EDED3135-95D2-4BCE-A810-F3F2AD7935B7}.Release|Any CPU.Build.0 = Release|Any CPU
		{EDED3135-95D2-4BCE-A810-F3F2AD7935B7}.ReleaseEF6|Any CPU.ActiveCfg = ReleaseEF6|Any CPU
		{EDED3135-95D2-4BCE-A810-F3F2AD7935B7}.ReleaseEF6|Any CPU.Build.0 = ReleaseEF6|Any CPU
		{EDED3135-95D2-4BCE-A810-F3F2AD7935B7}.RemoteDebug|Any CPU.ActiveCfg = Debug|Any CPU
		{EDED3135-95D2-4BCE-A810-F3F2AD7935B7}.RemoteDebug|Any CPU.Build.0 = Debug|Any CPU
	EndGlobalSection
	GlobalSection(SolutionProperties) = preSolution
		HideSolutionNode = FALSE
	EndGlobalSection
EndGlobal
