
Microsoft Visual Studio Solution File, Format Version 12.00
# Visual Studio 2012
Project("{FAE04EC0-301F-11D3-BF4B-00C04F79EFBC}") = "PHRMS.Data", "PHRMS.Data\PHRMS.Data.csproj", "{E7129694-C8C7-4BB7-A7AB-C31D20200486}"
EndProject
Project("{FAE04EC0-301F-11D3-BF4B-00C04F79EFBC}") = "PHRMS.Automatics", "PHRMS.Automatics\PHRMS.Automatics.csproj", "{CD4A7E5F-0EFD-435F-8028-C4B5058E1B21}"
EndProject
Project("{FAE04EC0-301F-11D3-BF4B-00C04F79EFBC}") = "PhexonServer", "PhexonServer\PhexonServer.csproj", "{FAB9F8F0-EFDC-4ED1-A9C6-0412EC68218A}"
EndProject
Project("{FAE04EC0-301F-11D3-BF4B-00C04F79EFBC}") = "PHRMS", "Phexon\PHRMS.csproj", "{236BBC4E-299F-4BAF-B664-ABF7725BD00C}"
EndProject
Global
	GlobalSection(SolutionConfigurationPlatforms) = preSolution
		Debug|Any CPU = Debug|Any CPU
		Debug|x86 = Debug|x86
		DebugEF6|Any CPU = DebugEF6|Any CPU
		DebugEF6|x86 = DebugEF6|x86
		Release|Any CPU = Release|Any CPU
		Release|x86 = Release|x86
		ReleaseEF6|Any CPU = ReleaseEF6|Any CPU
		ReleaseEF6|x86 = ReleaseEF6|x86
		RemoteDebug|Any CPU = RemoteDebug|Any CPU
		RemoteDebug|x86 = RemoteDebug|x86
	EndGlobalSection
	GlobalSection(ProjectConfigurationPlatforms) = postSolution
		{E7129694-C8C7-4BB7-A7AB-C31D20200486}.Debug|Any CPU.ActiveCfg = Debug|Any CPU
		{E7129694-C8C7-4BB7-A7AB-C31D20200486}.Debug|Any CPU.Build.0 = Debug|Any CPU
		{E7129694-C8C7-4BB7-A7AB-C31D20200486}.Debug|x86.ActiveCfg = Debug|x86
		{E7129694-C8C7-4BB7-A7AB-C31D20200486}.Debug|x86.Build.0 = Debug|x86
		{E7129694-C8C7-4BB7-A7AB-C31D20200486}.DebugEF6|Any CPU.ActiveCfg = Debug|Any CPU
		{E7129694-C8C7-4BB7-A7AB-C31D20200486}.DebugEF6|Any CPU.Build.0 = Debug|Any CPU
		{E7129694-C8C7-4BB7-A7AB-C31D20200486}.DebugEF6|x86.ActiveCfg = Debug|x86
		{E7129694-C8C7-4BB7-A7AB-C31D20200486}.DebugEF6|x86.Build.0 = Debug|x86
		{E7129694-C8C7-4BB7-A7AB-C31D20200486}.Release|Any CPU.ActiveCfg = Release|Any CPU
		{E7129694-C8C7-4BB7-A7AB-C31D20200486}.Release|Any CPU.Build.0 = Release|Any CPU
		{E7129694-C8C7-4BB7-A7AB-C31D20200486}.Release|x86.ActiveCfg = Release|x86
		{E7129694-C8C7-4BB7-A7AB-C31D20200486}.Release|x86.Build.0 = Release|x86
		{E7129694-C8C7-4BB7-A7AB-C31D20200486}.ReleaseEF6|Any CPU.ActiveCfg = Release|Any CPU
		{E7129694-C8C7-4BB7-A7AB-C31D20200486}.ReleaseEF6|Any CPU.Build.0 = Release|Any CPU
		{E7129694-C8C7-4BB7-A7AB-C31D20200486}.ReleaseEF6|x86.ActiveCfg = Release|x86
		{E7129694-C8C7-4BB7-A7AB-C31D20200486}.ReleaseEF6|x86.Build.0 = Release|x86
		{E7129694-C8C7-4BB7-A7AB-C31D20200486}.RemoteDebug|Any CPU.ActiveCfg = RemoteDebug|Any CPU
		{E7129694-C8C7-4BB7-A7AB-C31D20200486}.RemoteDebug|Any CPU.Build.0 = RemoteDebug|Any CPU
		{E7129694-C8C7-4BB7-A7AB-C31D20200486}.RemoteDebug|x86.ActiveCfg = RemoteDebug|x86
		{E7129694-C8C7-4BB7-A7AB-C31D20200486}.RemoteDebug|x86.Build.0 = RemoteDebug|x86
		{CD4A7E5F-0EFD-435F-8028-C4B5058E1B21}.Debug|Any CPU.ActiveCfg = Debug|Any CPU
		{CD4A7E5F-0EFD-435F-8028-C4B5058E1B21}.Debug|Any CPU.Build.0 = Debug|Any CPU
		{CD4A7E5F-0EFD-435F-8028-C4B5058E1B21}.Debug|x86.ActiveCfg = Debug|x86
		{CD4A7E5F-0EFD-435F-8028-C4B5058E1B21}.Debug|x86.Build.0 = Debug|x86
		{CD4A7E5F-0EFD-435F-8028-C4B5058E1B21}.DebugEF6|Any CPU.ActiveCfg = Debug|Any CPU
		{CD4A7E5F-0EFD-435F-8028-C4B5058E1B21}.DebugEF6|Any CPU.Build.0 = Debug|Any CPU
		{CD4A7E5F-0EFD-435F-8028-C4B5058E1B21}.DebugEF6|x86.ActiveCfg = Debug|x86
		{CD4A7E5F-0EFD-435F-8028-C4B5058E1B21}.DebugEF6|x86.Build.0 = Debug|x86
		{CD4A7E5F-0EFD-435F-8028-C4B5058E1B21}.Release|Any CPU.ActiveCfg = Release|Any CPU
		{CD4A7E5F-0EFD-435F-8028-C4B5058E1B21}.Release|Any CPU.Build.0 = Release|Any CPU
		{CD4A7E5F-0EFD-435F-8028-C4B5058E1B21}.Release|x86.ActiveCfg = Release|x86
		{CD4A7E5F-0EFD-435F-8028-C4B5058E1B21}.Release|x86.Build.0 = Release|x86
		{CD4A7E5F-0EFD-435F-8028-C4B5058E1B21}.ReleaseEF6|Any CPU.ActiveCfg = Release|Any CPU
		{CD4A7E5F-0EFD-435F-8028-C4B5058E1B21}.ReleaseEF6|Any CPU.Build.0 = Release|Any CPU
		{CD4A7E5F-0EFD-435F-8028-C4B5058E1B21}.ReleaseEF6|x86.ActiveCfg = Release|x86
		{CD4A7E5F-0EFD-435F-8028-C4B5058E1B21}.ReleaseEF6|x86.Build.0 = Release|x86
		{CD4A7E5F-0EFD-435F-8028-C4B5058E1B21}.RemoteDebug|Any CPU.ActiveCfg = Debug|Any CPU
		{CD4A7E5F-0EFD-435F-8028-C4B5058E1B21}.RemoteDebug|Any CPU.Build.0 = Debug|Any CPU
		{CD4A7E5F-0EFD-435F-8028-C4B5058E1B21}.RemoteDebug|x86.ActiveCfg = Debug|x86
		{CD4A7E5F-0EFD-435F-8028-C4B5058E1B21}.RemoteDebug|x86.Build.0 = Debug|x86
		{FAB9F8F0-EFDC-4ED1-A9C6-0412EC68218A}.Debug|Any CPU.ActiveCfg = Debug|Any CPU
		{FAB9F8F0-EFDC-4ED1-A9C6-0412EC68218A}.Debug|Any CPU.Build.0 = Debug|Any CPU
		{FAB9F8F0-EFDC-4ED1-A9C6-0412EC68218A}.Debug|x86.ActiveCfg = Debug|x86
		{FAB9F8F0-EFDC-4ED1-A9C6-0412EC68218A}.Debug|x86.Build.0 = Debug|x86
		{FAB9F8F0-EFDC-4ED1-A9C6-0412EC68218A}.DebugEF6|Any CPU.ActiveCfg = Debug|Any CPU
		{FAB9F8F0-EFDC-4ED1-A9C6-0412EC68218A}.DebugEF6|Any CPU.Build.0 = Debug|Any CPU
		{FAB9F8F0-EFDC-4ED1-A9C6-0412EC68218A}.DebugEF6|x86.ActiveCfg = Debug|x86
		{FAB9F8F0-EFDC-4ED1-A9C6-0412EC68218A}.DebugEF6|x86.Build.0 = Debug|x86
		{FAB9F8F0-EFDC-4ED1-A9C6-0412EC68218A}.Release|Any CPU.ActiveCfg = Release|Any CPU
		{FAB9F8F0-EFDC-4ED1-A9C6-0412EC68218A}.Release|Any CPU.Build.0 = Release|Any CPU
		{FAB9F8F0-EFDC-4ED1-A9C6-0412EC68218A}.Release|x86.ActiveCfg = Release|x86
		{FAB9F8F0-EFDC-4ED1-A9C6-0412EC68218A}.Release|x86.Build.0 = Release|x86
		{FAB9F8F0-EFDC-4ED1-A9C6-0412EC68218A}.ReleaseEF6|Any CPU.ActiveCfg = Release|Any CPU
		{FAB9F8F0-EFDC-4ED1-A9C6-0412EC68218A}.ReleaseEF6|Any CPU.Build.0 = Release|Any CPU
		{FAB9F8F0-EFDC-4ED1-A9C6-0412EC68218A}.ReleaseEF6|x86.ActiveCfg = Release|x86
		{FAB9F8F0-EFDC-4ED1-A9C6-0412EC68218A}.ReleaseEF6|x86.Build.0 = Release|x86
		{FAB9F8F0-EFDC-4ED1-A9C6-0412EC68218A}.RemoteDebug|Any CPU.ActiveCfg = Debug|Any CPU
		{FAB9F8F0-EFDC-4ED1-A9C6-0412EC68218A}.RemoteDebug|Any CPU.Build.0 = Debug|Any CPU
		{FAB9F8F0-EFDC-4ED1-A9C6-0412EC68218A}.RemoteDebug|x86.ActiveCfg = Debug|x86
		{FAB9F8F0-EFDC-4ED1-A9C6-0412EC68218A}.RemoteDebug|x86.Build.0 = Debug|x86
		{236BBC4E-299F-4BAF-B664-ABF7725BD00C}.Debug|Any CPU.ActiveCfg = Debug|Any CPU
		{236BBC4E-299F-4BAF-B664-ABF7725BD00C}.Debug|Any CPU.Build.0 = Debug|Any CPU
		{236BBC4E-299F-4BAF-B664-ABF7725BD00C}.Debug|x86.ActiveCfg = Debug|x86
		{236BBC4E-299F-4BAF-B664-ABF7725BD00C}.Debug|x86.Build.0 = Debug|x86
		{236BBC4E-299F-4BAF-B664-ABF7725BD00C}.DebugEF6|Any CPU.ActiveCfg = Debug|Any CPU
		{236BBC4E-299F-4BAF-B664-ABF7725BD00C}.DebugEF6|Any CPU.Build.0 = Debug|Any CPU
		{236BBC4E-299F-4BAF-B664-ABF7725BD00C}.DebugEF6|x86.ActiveCfg = Debug|x86
		{236BBC4E-299F-4BAF-B664-ABF7725BD00C}.DebugEF6|x86.Build.0 = Debug|x86
		{236BBC4E-299F-4BAF-B664-ABF7725BD00C}.Release|Any CPU.ActiveCfg = Release|Any CPU
		{236BBC4E-299F-4BAF-B664-ABF7725BD00C}.Release|Any CPU.Build.0 = Release|Any CPU
		{236BBC4E-299F-4BAF-B664-ABF7725BD00C}.Release|x86.ActiveCfg = Release|x86
		{236BBC4E-299F-4BAF-B664-ABF7725BD00C}.Release|x86.Build.0 = Release|x86
		{236BBC4E-299F-4BAF-B664-ABF7725BD00C}.ReleaseEF6|Any CPU.ActiveCfg = Release|Any CPU
		{236BBC4E-299F-4BAF-B664-ABF7725BD00C}.ReleaseEF6|Any CPU.Build.0 = Release|Any CPU
		{236BBC4E-299F-4BAF-B664-ABF7725BD00C}.ReleaseEF6|x86.ActiveCfg = Release|x86
		{236BBC4E-299F-4BAF-B664-ABF7725BD00C}.ReleaseEF6|x86.Build.0 = Release|x86
		{236BBC4E-299F-4BAF-B664-ABF7725BD00C}.RemoteDebug|Any CPU.ActiveCfg = Debug|Any CPU
		{236BBC4E-299F-4BAF-B664-ABF7725BD00C}.RemoteDebug|Any CPU.Build.0 = Debug|Any CPU
		{236BBC4E-299F-4BAF-B664-ABF7725BD00C}.RemoteDebug|x86.ActiveCfg = Debug|x86
		{236BBC4E-299F-4BAF-B664-ABF7725BD00C}.RemoteDebug|x86.Build.0 = Debug|x86
	EndGlobalSection
	GlobalSection(SolutionProperties) = preSolution
		HideSolutionNode = FALSE
	EndGlobalSection
EndGlobal
