
Microsoft Visual Studio Solution File, Format Version 12.00
# Visual Studio 2012
# SharpDevelop 5.1
VisualStudioVersion = 12.0.20827.3
MinimumVisualStudioVersion = 10.0.40219.1
Project("{FAE04EC0-301F-11D3-BF4B-00F0CF79EFBC}") = "PHRMS.Data", "PHRMS.Data\PHRMS.Data.rvproj", "{0C92B4E6-AB03-403C-AF7E-64FC3C18A0D9}"
EndProject
Project("{FAE04EC0-301F-11D3-BF4B-00F0CF79EFBC}") = "PHRMS.Automatics", "PHRMS.Automatics\PHRMS.Automatics.rvproj", "{167E3A9E-3E56-4DB9-9F5B-015BE8CD9799}"
EndProject
Project("{FAE04EC0-301F-11D3-BF4B-00F0CF79EFBC}") = "PhexonServer", "PhexonServer\PhexonServer.rvproj", "{8F341302-C66A-4B98-81F1-3D38523948B1}"
EndProject
Project("{FAE04EC0-301F-11D3-BF4B-00C04F79EFBC}") = "PHRMS", "Phexon\PHRMS.csproj", "{236BBC4E-299F-4BAF-B664-ABF7725BD00C}"
EndProject
Global
	GlobalSection(SolutionConfigurationPlatforms) = preSolution
		Debug|Any CPU = Debug|Any CPU
		Debug|x86 = Debug|x86
		DebugEF6|Any CPU = DebugEF6|Any CPU
		DebugEF6|x86 = DebugEF6|x86
		Release|Any CPU = Release|Any CPU
		Release|x86 = Release|x86
		ReleaseEF6|Any CPU = ReleaseEF6|Any CPU
		ReleaseEF6|x86 = ReleaseEF6|x86
		RemoteDebug|Any CPU = RemoteDebug|Any CPU
		RemoteDebug|x86 = RemoteDebug|x86
	EndGlobalSection
	GlobalSection(ProjectConfigurationPlatforms) = postSolution
		{0C92B4E6-AB03-403C-AF7E-64FC3C18A0D9}.Debug|Any CPU.ActiveCfg = Debug|Any CPU
		{0C92B4E6-AB03-403C-AF7E-64FC3C18A0D9}.Debug|Any CPU.Build.0 = Debug|Any CPU
		{0C92B4E6-AB03-403C-AF7E-64FC3C18A0D9}.Debug|x86.ActiveCfg = Debug|x86
		{0C92B4E6-AB03-403C-AF7E-64FC3C18A0D9}.Debug|x86.Build.0 = Debug|x86
		{0C92B4E6-AB03-403C-AF7E-64FC3C18A0D9}.DebugEF6|Any CPU.ActiveCfg = DebugEF6|Any CPU
		{0C92B4E6-AB03-403C-AF7E-64FC3C18A0D9}.DebugEF6|Any CPU.Build.0 = DebugEF6|Any CPU
		{0C92B4E6-AB03-403C-AF7E-64FC3C18A0D9}.DebugEF6|x86.ActiveCfg = DebugEF6|x86
		{0C92B4E6-AB03-403C-AF7E-64FC3C18A0D9}.DebugEF6|x86.Build.0 = DebugEF6|x86
		{0C92B4E6-AB03-403C-AF7E-64FC3C18A0D9}.Release|Any CPU.ActiveCfg = Release|Any CPU
		{0C92B4E6-AB03-403C-AF7E-64FC3C18A0D9}.Release|Any CPU.Build.0 = Release|Any CPU
		{0C92B4E6-AB03-403C-AF7E-64FC3C18A0D9}.Release|x86.ActiveCfg = Release|x86
		{0C92B4E6-AB03-403C-AF7E-64FC3C18A0D9}.Release|x86.Build.0 = Release|x86
		{0C92B4E6-AB03-403C-AF7E-64FC3C18A0D9}.ReleaseEF6|Any CPU.ActiveCfg = ReleaseEF6|Any CPU
		{0C92B4E6-AB03-403C-AF7E-64FC3C18A0D9}.ReleaseEF6|Any CPU.Build.0 = ReleaseEF6|Any CPU
		{0C92B4E6-AB03-403C-AF7E-64FC3C18A0D9}.ReleaseEF6|x86.ActiveCfg = ReleaseEF6|x86
		{0C92B4E6-AB03-403C-AF7E-64FC3C18A0D9}.ReleaseEF6|x86.Build.0 = ReleaseEF6|x86
		{0C92B4E6-AB03-403C-AF7E-64FC3C18A0D9}.RemoteDebug|Any CPU.ActiveCfg = RemoteDebug|Any CPU
		{0C92B4E6-AB03-403C-AF7E-64FC3C18A0D9}.RemoteDebug|Any CPU.Build.0 = RemoteDebug|Any CPU
		{0C92B4E6-AB03-403C-AF7E-64FC3C18A0D9}.RemoteDebug|x86.ActiveCfg = RemoteDebug|x86
		{0C92B4E6-AB03-403C-AF7E-64FC3C18A0D9}.RemoteDebug|x86.Build.0 = RemoteDebug|x86
		{167E3A9E-3E56-4DB9-9F5B-015BE8CD9799}.Debug|Any CPU.ActiveCfg = Debug|Any CPU
		{167E3A9E-3E56-4DB9-9F5B-015BE8CD9799}.Debug|Any CPU.Build.0 = Debug|Any CPU
		{167E3A9E-3E56-4DB9-9F5B-015BE8CD9799}.Debug|x86.ActiveCfg = Debug|x86
		{167E3A9E-3E56-4DB9-9F5B-015BE8CD9799}.Debug|x86.Build.0 = Debug|x86
		{167E3A9E-3E56-4DB9-9F5B-015BE8CD9799}.DebugEF6|Any CPU.ActiveCfg = DebugEF6|Any CPU
		{167E3A9E-3E56-4DB9-9F5B-015BE8CD9799}.DebugEF6|Any CPU.Build.0 = DebugEF6|Any CPU
		{167E3A9E-3E56-4DB9-9F5B-015BE8CD9799}.DebugEF6|x86.ActiveCfg = DebugEF6|x86
		{167E3A9E-3E56-4DB9-9F5B-015BE8CD9799}.DebugEF6|x86.Build.0 = DebugEF6|x86
		{167E3A9E-3E56-4DB9-9F5B-015BE8CD9799}.Release|Any CPU.ActiveCfg = Release|Any CPU
		{167E3A9E-3E56-4DB9-9F5B-015BE8CD9799}.Release|Any CPU.Build.0 = Release|Any CPU
		{167E3A9E-3E56-4DB9-9F5B-015BE8CD9799}.Release|x86.ActiveCfg = Release|x86
		{167E3A9E-3E56-4DB9-9F5B-015BE8CD9799}.Release|x86.Build.0 = Release|x86
		{167E3A9E-3E56-4DB9-9F5B-015BE8CD9799}.ReleaseEF6|Any CPU.ActiveCfg = ReleaseEF6|Any CPU
		{167E3A9E-3E56-4DB9-9F5B-015BE8CD9799}.ReleaseEF6|Any CPU.Build.0 = ReleaseEF6|Any CPU
		{167E3A9E-3E56-4DB9-9F5B-015BE8CD9799}.ReleaseEF6|x86.ActiveCfg = ReleaseEF6|x86
		{167E3A9E-3E56-4DB9-9F5B-015BE8CD9799}.ReleaseEF6|x86.Build.0 = ReleaseEF6|x86
		{167E3A9E-3E56-4DB9-9F5B-015BE8CD9799}.RemoteDebug|Any CPU.ActiveCfg = RemoteDebug|Any CPU
		{167E3A9E-3E56-4DB9-9F5B-015BE8CD9799}.RemoteDebug|Any CPU.Build.0 = RemoteDebug|Any CPU
		{167E3A9E-3E56-4DB9-9F5B-015BE8CD9799}.RemoteDebug|x86.ActiveCfg = RemoteDebug|x86
		{167E3A9E-3E56-4DB9-9F5B-015BE8CD9799}.RemoteDebug|x86.Build.0 = RemoteDebug|x86
		{8F341302-C66A-4B98-81F1-3D38523948B1}.Debug|Any CPU.ActiveCfg = Debug|Any CPU
		{8F341302-C66A-4B98-81F1-3D38523948B1}.Debug|Any CPU.Build.0 = Debug|Any CPU
		{8F341302-C66A-4B98-81F1-3D38523948B1}.Debug|x86.ActiveCfg = Debug|x86
		{8F341302-C66A-4B98-81F1-3D38523948B1}.Debug|x86.Build.0 = Debug|x86
		{8F341302-C66A-4B98-81F1-3D38523948B1}.DebugEF6|Any CPU.ActiveCfg = DebugEF6|Any CPU
		{8F341302-C66A-4B98-81F1-3D38523948B1}.DebugEF6|Any CPU.Build.0 = DebugEF6|Any CPU
		{8F341302-C66A-4B98-81F1-3D38523948B1}.DebugEF6|x86.ActiveCfg = DebugEF6|x86
		{8F341302-C66A-4B98-81F1-3D38523948B1}.DebugEF6|x86.Build.0 = DebugEF6|x86
		{8F341302-C66A-4B98-81F1-3D38523948B1}.Release|Any CPU.ActiveCfg = Release|Any CPU
		{8F341302-C66A-4B98-81F1-3D38523948B1}.Release|Any CPU.Build.0 = Release|Any CPU
		{8F341302-C66A-4B98-81F1-3D38523948B1}.Release|x86.ActiveCfg = Release|x86
		{8F341302-C66A-4B98-81F1-3D38523948B1}.Release|x86.Build.0 = Release|x86
		{8F341302-C66A-4B98-81F1-3D38523948B1}.ReleaseEF6|Any CPU.ActiveCfg = ReleaseEF6|Any CPU
		{8F341302-C66A-4B98-81F1-3D38523948B1}.ReleaseEF6|Any CPU.Build.0 = ReleaseEF6|Any CPU
		{8F341302-C66A-4B98-81F1-3D38523948B1}.ReleaseEF6|x86.ActiveCfg = ReleaseEF6|x86
		{8F341302-C66A-4B98-81F1-3D38523948B1}.ReleaseEF6|x86.Build.0 = ReleaseEF6|x86
		{8F341302-C66A-4B98-81F1-3D38523948B1}.RemoteDebug|Any CPU.ActiveCfg = RemoteDebug|Any CPU
		{8F341302-C66A-4B98-81F1-3D38523948B1}.RemoteDebug|Any CPU.Build.0 = RemoteDebug|Any CPU
		{8F341302-C66A-4B98-81F1-3D38523948B1}.RemoteDebug|x86.ActiveCfg = RemoteDebug|x86
		{8F341302-C66A-4B98-81F1-3D38523948B1}.RemoteDebug|x86.Build.0 = RemoteDebug|x86
		{ECB51619-1C35-4073-AB1E-EE16EAED8F45}.Debug|Any CPU.ActiveCfg = Debug|Any CPU
		{ECB51619-1C35-4073-AB1E-EE16EAED8F45}.Debug|Any CPU.Build.0 = Debug|Any CPU
		{ECB51619-1C35-4073-AB1E-EE16EAED8F45}.Debug|x86.ActiveCfg = Debug|x86
		{ECB51619-1C35-4073-AB1E-EE16EAED8F45}.Debug|x86.Build.0 = Debug|x86
		{ECB51619-1C35-4073-AB1E-EE16EAED8F45}.DebugEF6|Any CPU.ActiveCfg = DebugEF6|Any CPU
		{ECB51619-1C35-4073-AB1E-EE16EAED8F45}.DebugEF6|Any CPU.Build.0 = DebugEF6|Any CPU
		{ECB51619-1C35-4073-AB1E-EE16EAED8F45}.DebugEF6|x86.ActiveCfg = DebugEF6|x86
		{ECB51619-1C35-4073-AB1E-EE16EAED8F45}.DebugEF6|x86.Build.0 = DebugEF6|x86
		{ECB51619-1C35-4073-AB1E-EE16EAED8F45}.Release|Any CPU.ActiveCfg = Release|Any CPU
		{ECB51619-1C35-4073-AB1E-EE16EAED8F45}.Release|Any CPU.Build.0 = Release|Any CPU
		{ECB51619-1C35-4073-AB1E-EE16EAED8F45}.Release|x86.ActiveCfg = Release|x86
		{ECB51619-1C35-4073-AB1E-EE16EAED8F45}.Release|x86.Build.0 = Release|x86
		{ECB51619-1C35-4073-AB1E-EE16EAED8F45}.ReleaseEF6|Any CPU.ActiveCfg = ReleaseEF6|Any CPU
		{ECB51619-1C35-4073-AB1E-EE16EAED8F45}.ReleaseEF6|Any CPU.Build.0 = ReleaseEF6|Any CPU
		{ECB51619-1C35-4073-AB1E-EE16EAED8F45}.ReleaseEF6|x86.ActiveCfg = ReleaseEF6|x86
		{ECB51619-1C35-4073-AB1E-EE16EAED8F45}.ReleaseEF6|x86.Build.0 = ReleaseEF6|x86
		{ECB51619-1C35-4073-AB1E-EE16EAED8F45}.RemoteDebug|Any CPU.ActiveCfg = RemoteDebug|Any CPU
		{ECB51619-1C35-4073-AB1E-EE16EAED8F45}.RemoteDebug|Any CPU.Build.0 = RemoteDebug|Any CPU
		{ECB51619-1C35-4073-AB1E-EE16EAED8F45}.RemoteDebug|x86.ActiveCfg = RemoteDebug|x86
		{ECB51619-1C35-4073-AB1E-EE16EAED8F45}.RemoteDebug|x86.Build.0 = RemoteDebug|x86
	EndGlobalSection
	GlobalSection(SolutionProperties) = preSolution
		HideSolutionNode = FALSE
	EndGlobalSection
EndGlobal
